
Microsoft Visual Studio Solution File, Format Version 12.00
# Visual Studio 15
VisualStudioVersion = 15.0.26430.14
MinimumVisualStudioVersion = 10.0.40219.1
Project("{FAE04EC0-301F-11D3-BF4B-00C04F79EFBC}") = "jmkernels", "jmkernels\jmkernels.csproj", "{F8C7CDED-3189-43E9-A021-85B59EEE446B}"
EndProject
Project("{8BC9CEB8-8B4A-11D0-8D11-00A0C91BC942}") = "TinyEXR", "TinyEXR\TinyEXR.vcxproj", "{F7375707-944B-4E04-B335-970E715BBACB}"
EndProject
Global
	GlobalSection(SolutionConfigurationPlatforms) = preSolution
		Debug|Any CPU = Debug|Any CPU
		Debug|x64 = Debug|x64
		Debug|x86 = Debug|x86
		Release|Any CPU = Release|Any CPU
		Release|x64 = Release|x64
		Release|x86 = Release|x86
	EndGlobalSection
	GlobalSection(ProjectConfigurationPlatforms) = postSolution
		{F8C7CDED-3189-43E9-A021-85B59EEE446B}.Debug|Any CPU.ActiveCfg = Debug|Any CPU
		{F8C7CDED-3189-43E9-A021-85B59EEE446B}.Debug|Any CPU.Build.0 = Debug|Any CPU
		{F8C7CDED-3189-43E9-A021-85B59EEE446B}.Debug|x64.ActiveCfg = Debug|Any CPU
		{F8C7CDED-3189-43E9-A021-85B59EEE446B}.Debug|x64.Build.0 = Debug|Any CPU
		{F8C7CDED-3189-43E9-A021-85B59EEE446B}.Debug|x86.ActiveCfg = Debug|Any CPU
		{F8C7CDED-3189-43E9-A021-85B59EEE446B}.Debug|x86.Build.0 = Debug|Any CPU
		{F8C7CDED-3189-43E9-A021-85B59EEE446B}.Release|Any CPU.ActiveCfg = Release|Any CPU
		{F8C7CDED-3189-43E9-A021-85B59EEE446B}.Release|Any CPU.Build.0 = Release|Any CPU
		{F8C7CDED-3189-43E9-A021-85B59EEE446B}.Release|x64.ActiveCfg = Release|Any CPU
		{F8C7CDED-3189-43E9-A021-85B59EEE446B}.Release|x64.Build.0 = Release|Any CPU
		{F8C7CDED-3189-43E9-A021-85B59EEE446B}.Release|x86.ActiveCfg = Release|Any CPU
		{F8C7CDED-3189-43E9-A021-85B59EEE446B}.Release|x86.Build.0 = Release|Any CPU
		{F7375707-944B-4E04-B335-970E715BBACB}.Debug|Any CPU.ActiveCfg = Debug|Win32
		{F7375707-944B-4E04-B335-970E715BBACB}.Debug|x64.ActiveCfg = Debug|x64
		{F7375707-944B-4E04-B335-970E715BBACB}.Debug|x64.Build.0 = Debug|x64
		{F7375707-944B-4E04-B335-970E715BBACB}.Debug|x86.ActiveCfg = Debug|Win32
		{F7375707-944B-4E04-B335-970E715BBACB}.Debug|x86.Build.0 = Debug|Win32
		{F7375707-944B-4E04-B335-970E715BBACB}.Release|Any CPU.ActiveCfg = Release|Win32
		{F7375707-944B-4E04-B335-970E715BBACB}.Release|x64.ActiveCfg = Release|x64
		{F7375707-944B-4E04-B335-970E715BBACB}.Release|x64.Build.0 = Release|x64
		{F7375707-944B-4E04-B335-970E715BBACB}.Release|x86.ActiveCfg = Release|Win32
		{F7375707-944B-4E04-B335-970E715BBACB}.Release|x86.Build.0 = Release|Win32
	EndGlobalSection
	GlobalSection(SolutionProperties) = preSolution
		HideSolutionNode = FALSE
	EndGlobalSection
EndGlobal
